
Microsoft Visual Studio Solution File, Format Version 12.00
# Visual Studio Version 16
VisualStudioVersion = 16.0.30711.63
MinimumVisualStudioVersion = 10.0.40219.1
Project("{9A19103F-16F7-4668-BE54-9A1E7A4F7556}") = "Api", "Api\Api.csproj", "{C4FC07F7-A9BA-47C0-BB0F-E185586F6BF2}"
EndProject
Project("{FAE04EC0-301F-11D3-BF4B-00C04F79EFBC}") = "Client", "Client\Client.csproj", "{C67AABBB-732E-4E86-89D5-A91E015802A3}"
EndProject
Global
	GlobalSection(SolutionConfigurationPlatforms) = preSolution
		Debug|Any CPU = Debug|Any CPU
		Release|Any CPU = Release|Any CPU
	EndGlobalSection
	GlobalSection(ProjectConfigurationPlatforms) = postSolution
		{C4FC07F7-A9BA-47C0-BB0F-E185586F6BF2}.Debug|Any CPU.ActiveCfg = Debug|Any CPU
		{C4FC07F7-A9BA-47C0-BB0F-E185586F6BF2}.Debug|Any CPU.Build.0 = Debug|Any CPU
		{C4FC07F7-A9BA-47C0-BB0F-E185586F6BF2}.Release|Any CPU.ActiveCfg = Release|Any CPU
		{C4FC07F7-A9BA-47C0-BB0F-E185586F6BF2}.Release|Any CPU.Build.0 = Release|Any CPU
		{C67AABBB-732E-4E86-89D5-A91E015802A3}.Debug|Any CPU.ActiveCfg = Debug|Any CPU
		{C67AABBB-732E-4E86-89D5-A91E015802A3}.Debug|Any CPU.Build.0 = Debug|Any CPU
		{C67AABBB-732E-4E86-89D5-A91E015802A3}.Release|Any CPU.ActiveCfg = Release|Any CPU
		{C67AABBB-732E-4E86-89D5-A91E015802A3}.Release|Any CPU.Build.0 = Release|Any CPU
	EndGlobalSection
	GlobalSection(SolutionProperties) = preSolution
		HideSolutionNode = FALSE
	EndGlobalSection
	GlobalSection(ExtensibilityGlobals) = postSolution
		SolutionGuid = {ECC69BD0-67F3-4848-981F-EB2CB52811E2}
	EndGlobalSection
EndGlobal
